// !$*UTF8*$!
{
	archiveVersion = 1;
	classes = {
	};
	objectVersion = 55;
	objects = {

/* Begin PBXBuildFile section */
		22908661A6AD7B15DCCE1F7F /* Pods_boardshopTests.framework in Frameworks */ = {isa = PBXBuildFile; fileRef = E37A73C28FF58321C6B064D4 /* Pods_boardshopTests.framework */; };
		2D451F152870A047007F5153 /* AppDelegate.swift in Sources */ = {isa = PBXBuildFile; fileRef = 2D451F142870A047007F5153 /* AppDelegate.swift */; };
		2D451F192870A047007F5153 /* HomeViewController.swift in Sources */ = {isa = PBXBuildFile; fileRef = 2D451F182870A047007F5153 /* HomeViewController.swift */; };
		2D451F1C2870A047007F5153 /* Main.storyboard in Resources */ = {isa = PBXBuildFile; fileRef = 2D451F1A2870A047007F5153 /* Main.storyboard */; };
		2D451F1E2870A04B007F5153 /* Assets.xcassets in Resources */ = {isa = PBXBuildFile; fileRef = 2D451F1D2870A04B007F5153 /* Assets.xcassets */; };
		2D451F212870A04B007F5153 /* LaunchScreen.storyboard in Resources */ = {isa = PBXBuildFile; fileRef = 2D451F1F2870A04B007F5153 /* LaunchScreen.storyboard */; };
		2D451F2C2870A04B007F5153 /* boardshopTests.swift in Sources */ = {isa = PBXBuildFile; fileRef = 2D451F2B2870A04B007F5153 /* boardshopTests.swift */; };
		2D451F362870A04C007F5153 /* boardshopUITests.swift in Sources */ = {isa = PBXBuildFile; fileRef = 2D451F352870A04C007F5153 /* boardshopUITests.swift */; };
		2D451F382870A04C007F5153 /* boardshopUITestsLaunchTests.swift in Sources */ = {isa = PBXBuildFile; fileRef = 2D451F372870A04C007F5153 /* boardshopUITestsLaunchTests.swift */; };
		2D451F492870A1DB007F5153 /* UIView+Extensions.swift in Sources */ = {isa = PBXBuildFile; fileRef = 2D451F482870A1DB007F5153 /* UIView+Extensions.swift */; };
		2D451F4E2870A34F007F5153 /* HomeViewModel.swift in Sources */ = {isa = PBXBuildFile; fileRef = 2D451F4D2870A34F007F5153 /* HomeViewModel.swift */; };
		2D451F512870A59C007F5153 /* CategoryCell.swift in Sources */ = {isa = PBXBuildFile; fileRef = 2D451F502870A59C007F5153 /* CategoryCell.swift */; };
		2D451F532870A5BC007F5153 /* ProductCell.swift in Sources */ = {isa = PBXBuildFile; fileRef = 2D451F522870A5BC007F5153 /* ProductCell.swift */; };
		2D451F552870AAA9007F5153 /* Category.swift in Sources */ = {isa = PBXBuildFile; fileRef = 2D451F542870AAA9007F5153 /* Category.swift */; };
		2D451F572870AABB007F5153 /* Product.swift in Sources */ = {isa = PBXBuildFile; fileRef = 2D451F562870AABB007F5153 /* Product.swift */; };
		2D451F5A2870ACBC007F5153 /* APIManager.swift in Sources */ = {isa = PBXBuildFile; fileRef = 2D451F592870ACBC007F5153 /* APIManager.swift */; };
		2D451F602870D2B6007F5153 /* CollectionView+Delegate.swift in Sources */ = {isa = PBXBuildFile; fileRef = 2D451F5F2870D2B6007F5153 /* CollectionView+Delegate.swift */; };
		67E2872835D9A6FF7579DCC3 /* Pods_boardshop.framework in Frameworks */ = {isa = PBXBuildFile; fileRef = F2F02A5F198ABAC9F992C390 /* Pods_boardshop.framework */; };
		CA0AF6AF680FB6B6F0B8974B /* Pods_boardshop_boardshopUITests.framework in Frameworks */ = {isa = PBXBuildFile; fileRef = D11BDBAACAD173AB634BC5D8 /* Pods_boardshop_boardshopUITests.framework */; };
/* End PBXBuildFile section */

/* Begin PBXContainerItemProxy section */
		2D451F282870A04B007F5153 /* PBXContainerItemProxy */ = {
			isa = PBXContainerItemProxy;
			containerPortal = 2D451F092870A047007F5153 /* Project object */;
			proxyType = 1;
			remoteGlobalIDString = 2D451F102870A047007F5153;
			remoteInfo = boardshop;
		};
		2D451F322870A04C007F5153 /* PBXContainerItemProxy */ = {
			isa = PBXContainerItemProxy;
			containerPortal = 2D451F092870A047007F5153 /* Project object */;
			proxyType = 1;
			remoteGlobalIDString = 2D451F102870A047007F5153;
			remoteInfo = boardshop;
		};
/* End PBXContainerItemProxy section */

/* Begin PBXFileReference section */
		19409A4B46E54567C98AFF70 /* Pods-boardshop-boardshopUITests.debug.xcconfig */ = {isa = PBXFileReference; includeInIndex = 1; lastKnownFileType = text.xcconfig; name = "Pods-boardshop-boardshopUITests.debug.xcconfig"; path = "Target Support Files/Pods-boardshop-boardshopUITests/Pods-boardshop-boardshopUITests.debug.xcconfig"; sourceTree = "<group>"; };
		2B81CC0FD3857D36F2E99E2C /* Pods-boardshop.debug.xcconfig */ = {isa = PBXFileReference; includeInIndex = 1; lastKnownFileType = text.xcconfig; name = "Pods-boardshop.debug.xcconfig"; path = "Target Support Files/Pods-boardshop/Pods-boardshop.debug.xcconfig"; sourceTree = "<group>"; };
		2D451F112870A047007F5153 /* boardshop.app */ = {isa = PBXFileReference; explicitFileType = wrapper.application; includeInIndex = 0; path = boardshop.app; sourceTree = BUILT_PRODUCTS_DIR; };
		2D451F142870A047007F5153 /* AppDelegate.swift */ = {isa = PBXFileReference; lastKnownFileType = sourcecode.swift; path = AppDelegate.swift; sourceTree = "<group>"; };
		2D451F182870A047007F5153 /* HomeViewController.swift */ = {isa = PBXFileReference; lastKnownFileType = sourcecode.swift; path = HomeViewController.swift; sourceTree = "<group>"; };
		2D451F1B2870A047007F5153 /* Base */ = {isa = PBXFileReference; lastKnownFileType = file.storyboard; name = Base; path = Base.lproj/Main.storyboard; sourceTree = "<group>"; };
		2D451F1D2870A04B007F5153 /* Assets.xcassets */ = {isa = PBXFileReference; lastKnownFileType = folder.assetcatalog; path = Assets.xcassets; sourceTree = "<group>"; };
		2D451F202870A04B007F5153 /* Base */ = {isa = PBXFileReference; lastKnownFileType = file.storyboard; name = Base; path = Base.lproj/LaunchScreen.storyboard; sourceTree = "<group>"; };
		2D451F222870A04B007F5153 /* Info.plist */ = {isa = PBXFileReference; lastKnownFileType = text.plist.xml; path = Info.plist; sourceTree = "<group>"; };
		2D451F272870A04B007F5153 /* boardshopTests.xctest */ = {isa = PBXFileReference; explicitFileType = wrapper.cfbundle; includeInIndex = 0; path = boardshopTests.xctest; sourceTree = BUILT_PRODUCTS_DIR; };
		2D451F2B2870A04B007F5153 /* boardshopTests.swift */ = {isa = PBXFileReference; lastKnownFileType = sourcecode.swift; path = boardshopTests.swift; sourceTree = "<group>"; };
		2D451F312870A04C007F5153 /* boardshopUITests.xctest */ = {isa = PBXFileReference; explicitFileType = wrapper.cfbundle; includeInIndex = 0; path = boardshopUITests.xctest; sourceTree = BUILT_PRODUCTS_DIR; };
		2D451F352870A04C007F5153 /* boardshopUITests.swift */ = {isa = PBXFileReference; lastKnownFileType = sourcecode.swift; path = boardshopUITests.swift; sourceTree = "<group>"; };
		2D451F372870A04C007F5153 /* boardshopUITestsLaunchTests.swift */ = {isa = PBXFileReference; lastKnownFileType = sourcecode.swift; path = boardshopUITestsLaunchTests.swift; sourceTree = "<group>"; };
		2D451F482870A1DB007F5153 /* UIView+Extensions.swift */ = {isa = PBXFileReference; lastKnownFileType = sourcecode.swift; path = "UIView+Extensions.swift"; sourceTree = "<group>"; };
		2D451F4D2870A34F007F5153 /* HomeViewModel.swift */ = {isa = PBXFileReference; lastKnownFileType = sourcecode.swift; path = HomeViewModel.swift; sourceTree = "<group>"; };
		2D451F502870A59C007F5153 /* CategoryCell.swift */ = {isa = PBXFileReference; lastKnownFileType = sourcecode.swift; path = CategoryCell.swift; sourceTree = "<group>"; };
		2D451F522870A5BC007F5153 /* ProductCell.swift */ = {isa = PBXFileReference; lastKnownFileType = sourcecode.swift; path = ProductCell.swift; sourceTree = "<group>"; };
		2D451F542870AAA9007F5153 /* Category.swift */ = {isa = PBXFileReference; lastKnownFileType = sourcecode.swift; path = Category.swift; sourceTree = "<group>"; };
		2D451F562870AABB007F5153 /* Product.swift */ = {isa = PBXFileReference; lastKnownFileType = sourcecode.swift; path = Product.swift; sourceTree = "<group>"; };
		2D451F592870ACBC007F5153 /* APIManager.swift */ = {isa = PBXFileReference; lastKnownFileType = sourcecode.swift; path = APIManager.swift; sourceTree = "<group>"; };
		2D451F5F2870D2B6007F5153 /* CollectionView+Delegate.swift */ = {isa = PBXFileReference; lastKnownFileType = sourcecode.swift; path = "CollectionView+Delegate.swift"; sourceTree = "<group>"; };
		6CE753524736565C275473F7 /* Pods-boardshopTests.debug.xcconfig */ = {isa = PBXFileReference; includeInIndex = 1; lastKnownFileType = text.xcconfig; name = "Pods-boardshopTests.debug.xcconfig"; path = "Target Support Files/Pods-boardshopTests/Pods-boardshopTests.debug.xcconfig"; sourceTree = "<group>"; };
		73DEFA69F4253113DB601D38 /* Pods-boardshop-boardshopUITests.release.xcconfig */ = {isa = PBXFileReference; includeInIndex = 1; lastKnownFileType = text.xcconfig; name = "Pods-boardshop-boardshopUITests.release.xcconfig"; path = "Target Support Files/Pods-boardshop-boardshopUITests/Pods-boardshop-boardshopUITests.release.xcconfig"; sourceTree = "<group>"; };
		D11BDBAACAD173AB634BC5D8 /* Pods_boardshop_boardshopUITests.framework */ = {isa = PBXFileReference; explicitFileType = wrapper.framework; includeInIndex = 0; path = Pods_boardshop_boardshopUITests.framework; sourceTree = BUILT_PRODUCTS_DIR; };
		D7ABA3634B192D0435B9051D /* Pods-boardshopTests.release.xcconfig */ = {isa = PBXFileReference; includeInIndex = 1; lastKnownFileType = text.xcconfig; name = "Pods-boardshopTests.release.xcconfig"; path = "Target Support Files/Pods-boardshopTests/Pods-boardshopTests.release.xcconfig"; sourceTree = "<group>"; };
		E37A73C28FF58321C6B064D4 /* Pods_boardshopTests.framework */ = {isa = PBXFileReference; explicitFileType = wrapper.framework; includeInIndex = 0; path = Pods_boardshopTests.framework; sourceTree = BUILT_PRODUCTS_DIR; };
		EE9C3DA03BB75A1991FA126A /* Pods-boardshop.release.xcconfig */ = {isa = PBXFileReference; includeInIndex = 1; lastKnownFileType = text.xcconfig; name = "Pods-boardshop.release.xcconfig"; path = "Target Support Files/Pods-boardshop/Pods-boardshop.release.xcconfig"; sourceTree = "<group>"; };
		F2F02A5F198ABAC9F992C390 /* Pods_boardshop.framework */ = {isa = PBXFileReference; explicitFileType = wrapper.framework; includeInIndex = 0; path = Pods_boardshop.framework; sourceTree = BUILT_PRODUCTS_DIR; };
/* End PBXFileReference section */

/* Begin PBXFrameworksBuildPhase section */
		2D451F0E2870A047007F5153 /* Frameworks */ = {
			isa = PBXFrameworksBuildPhase;
			buildActionMask = 2147483647;
			files = (
				67E2872835D9A6FF7579DCC3 /* Pods_boardshop.framework in Frameworks */,
			);
			runOnlyForDeploymentPostprocessing = 0;
		};
		2D451F242870A04B007F5153 /* Frameworks */ = {
			isa = PBXFrameworksBuildPhase;
			buildActionMask = 2147483647;
			files = (
				22908661A6AD7B15DCCE1F7F /* Pods_boardshopTests.framework in Frameworks */,
			);
			runOnlyForDeploymentPostprocessing = 0;
		};
		2D451F2E2870A04C007F5153 /* Frameworks */ = {
			isa = PBXFrameworksBuildPhase;
			buildActionMask = 2147483647;
			files = (
				CA0AF6AF680FB6B6F0B8974B /* Pods_boardshop_boardshopUITests.framework in Frameworks */,
			);
			runOnlyForDeploymentPostprocessing = 0;
		};
/* End PBXFrameworksBuildPhase section */

/* Begin PBXGroup section */
		269148413561597F6004BB3B /* Pods */ = {
			isa = PBXGroup;
			children = (
				2B81CC0FD3857D36F2E99E2C /* Pods-boardshop.debug.xcconfig */,
				EE9C3DA03BB75A1991FA126A /* Pods-boardshop.release.xcconfig */,
				19409A4B46E54567C98AFF70 /* Pods-boardshop-boardshopUITests.debug.xcconfig */,
				73DEFA69F4253113DB601D38 /* Pods-boardshop-boardshopUITests.release.xcconfig */,
				6CE753524736565C275473F7 /* Pods-boardshopTests.debug.xcconfig */,
				D7ABA3634B192D0435B9051D /* Pods-boardshopTests.release.xcconfig */,
			);
			path = Pods;
			sourceTree = "<group>";
		};
		2D451F082870A047007F5153 = {
			isa = PBXGroup;
			children = (
				2D451F132870A047007F5153 /* boardshop */,
				2D451F2A2870A04B007F5153 /* boardshopTests */,
				2D451F342870A04C007F5153 /* boardshopUITests */,
				2D451F122870A047007F5153 /* Products */,
				269148413561597F6004BB3B /* Pods */,
				845690B04D10BFF6729BE99D /* Frameworks */,
			);
			sourceTree = "<group>";
		};
		2D451F122870A047007F5153 /* Products */ = {
			isa = PBXGroup;
			children = (
				2D451F112870A047007F5153 /* boardshop.app */,
				2D451F272870A04B007F5153 /* boardshopTests.xctest */,
				2D451F312870A04C007F5153 /* boardshopUITests.xctest */,
			);
			name = Products;
			sourceTree = "<group>";
		};
		2D451F132870A047007F5153 /* boardshop */ = {
			isa = PBXGroup;
			children = (
				2D451F222870A04B007F5153 /* Info.plist */,
				2D451F5B2870C4E6007F5153 /* Resources */,
				2D451F582870ACA4007F5153 /* Network */,
				2D451F462870A076007F5153 /* GlobalObjects */,
				2D451F452870A060007F5153 /* Extensions */,
				2D451F442870A057007F5153 /* Scenes */,
			);
			path = boardshop;
			sourceTree = "<group>";
		};
		2D451F2A2870A04B007F5153 /* boardshopTests */ = {
			isa = PBXGroup;
			children = (
				2D451F2B2870A04B007F5153 /* boardshopTests.swift */,
			);
			path = boardshopTests;
			sourceTree = "<group>";
		};
		2D451F342870A04C007F5153 /* boardshopUITests */ = {
			isa = PBXGroup;
			children = (
				2D451F352870A04C007F5153 /* boardshopUITests.swift */,
				2D451F372870A04C007F5153 /* boardshopUITestsLaunchTests.swift */,
			);
			path = boardshopUITests;
			sourceTree = "<group>";
		};
		2D451F442870A057007F5153 /* Scenes */ = {
			isa = PBXGroup;
			children = (
				2D451F472870A0C8007F5153 /* Home */,
			);
			path = Scenes;
			sourceTree = "<group>";
		};
		2D451F452870A060007F5153 /* Extensions */ = {
			isa = PBXGroup;
			children = (
				2D451F482870A1DB007F5153 /* UIView+Extensions.swift */,
			);
			path = Extensions;
			sourceTree = "<group>";
		};
		2D451F462870A076007F5153 /* GlobalObjects */ = {
			isa = PBXGroup;
			children = (
				2D451F142870A047007F5153 /* AppDelegate.swift */,
			);
			path = GlobalObjects;
			sourceTree = "<group>";
		};
		2D451F472870A0C8007F5153 /* Home */ = {
			isa = PBXGroup;
			children = (
				2D451F4F2870A356007F5153 /* Models */,
				2D451F4C2870A33B007F5153 /* ViewModels */,
				2D451F4A2870A2EA007F5153 /* Views */,
			);
			path = Home;
			sourceTree = "<group>";
		};
		2D451F4A2870A2EA007F5153 /* Views */ = {
			isa = PBXGroup;
			children = (
				2D451F4B2870A2F5007F5153 /* Cells */,
				2D451F182870A047007F5153 /* HomeViewController.swift */,
				2D451F5F2870D2B6007F5153 /* CollectionView+Delegate.swift */,
			);
			path = Views;
			sourceTree = "<group>";
		};
		2D451F4B2870A2F5007F5153 /* Cells */ = {
			isa = PBXGroup;
			children = (
				2D451F502870A59C007F5153 /* CategoryCell.swift */,
				2D451F522870A5BC007F5153 /* ProductCell.swift */,
			);
			path = Cells;
			sourceTree = "<group>";
		};
		2D451F4C2870A33B007F5153 /* ViewModels */ = {
			isa = PBXGroup;
			children = (
				2D451F4D2870A34F007F5153 /* HomeViewModel.swift */,
			);
			path = ViewModels;
			sourceTree = "<group>";
		};
		2D451F4F2870A356007F5153 /* Models */ = {
			isa = PBXGroup;
			children = (
				2D451F542870AAA9007F5153 /* Category.swift */,
				2D451F562870AABB007F5153 /* Product.swift */,
			);
			path = Models;
			sourceTree = "<group>";
		};
		2D451F582870ACA4007F5153 /* Network */ = {
			isa = PBXGroup;
			children = (
				2D451F592870ACBC007F5153 /* APIManager.swift */,
			);
			path = Network;
			sourceTree = "<group>";
		};
		2D451F5B2870C4E6007F5153 /* Resources */ = {
			isa = PBXGroup;
			children = (
				2D451F1A2870A047007F5153 /* Main.storyboard */,
				2D451F1D2870A04B007F5153 /* Assets.xcassets */,
				2D451F1F2870A04B007F5153 /* LaunchScreen.storyboard */,
			);
			path = Resources;
			sourceTree = "<group>";
		};
		845690B04D10BFF6729BE99D /* Frameworks */ = {
			isa = PBXGroup;
			children = (
				F2F02A5F198ABAC9F992C390 /* Pods_boardshop.framework */,
				D11BDBAACAD173AB634BC5D8 /* Pods_boardshop_boardshopUITests.framework */,
				E37A73C28FF58321C6B064D4 /* Pods_boardshopTests.framework */,
			);
			name = Frameworks;
			sourceTree = "<group>";
		};
/* End PBXGroup section */

/* Begin PBXNativeTarget section */
		2D451F102870A047007F5153 /* boardshop */ = {
			isa = PBXNativeTarget;
			buildConfigurationList = 2D451F3B2870A04C007F5153 /* Build configuration list for PBXNativeTarget "boardshop" */;
			buildPhases = (
				220615FD4F24F6A129EA2782 /* [CP] Check Pods Manifest.lock */,
				2D451F0D2870A047007F5153 /* Sources */,
				2D451F0E2870A047007F5153 /* Frameworks */,
				2D451F0F2870A047007F5153 /* Resources */,
				3F0BE9955E1589D21FBAAC53 /* [CP] Embed Pods Frameworks */,
			);
			buildRules = (
			);
			dependencies = (
			);
			name = boardshop;
			productName = boardshop;
			productReference = 2D451F112870A047007F5153 /* boardshop.app */;
			productType = "com.apple.product-type.application";
		};
		2D451F262870A04B007F5153 /* boardshopTests */ = {
			isa = PBXNativeTarget;
			buildConfigurationList = 2D451F3E2870A04C007F5153 /* Build configuration list for PBXNativeTarget "boardshopTests" */;
			buildPhases = (
				215B09D0C6AA791ED6946794 /* [CP] Check Pods Manifest.lock */,
				2D451F232870A04B007F5153 /* Sources */,
				2D451F242870A04B007F5153 /* Frameworks */,
				2D451F252870A04B007F5153 /* Resources */,
			);
			buildRules = (
			);
			dependencies = (
				2D451F292870A04B007F5153 /* PBXTargetDependency */,
			);
			name = boardshopTests;
			productName = boardshopTests;
			productReference = 2D451F272870A04B007F5153 /* boardshopTests.xctest */;
			productType = "com.apple.product-type.bundle.unit-test";
		};
		2D451F302870A04C007F5153 /* boardshopUITests */ = {
			isa = PBXNativeTarget;
			buildConfigurationList = 2D451F412870A04C007F5153 /* Build configuration list for PBXNativeTarget "boardshopUITests" */;
			buildPhases = (
				0F59B7D6D5B3E42133A91EEE /* [CP] Check Pods Manifest.lock */,
				2D451F2D2870A04C007F5153 /* Sources */,
				2D451F2E2870A04C007F5153 /* Frameworks */,
				2D451F2F2870A04C007F5153 /* Resources */,
				B83A7137E256CCD7D1CA5DF6 /* [CP] Embed Pods Frameworks */,
			);
			buildRules = (
			);
			dependencies = (
				2D451F332870A04C007F5153 /* PBXTargetDependency */,
			);
			name = boardshopUITests;
			productName = boardshopUITests;
			productReference = 2D451F312870A04C007F5153 /* boardshopUITests.xctest */;
			productType = "com.apple.product-type.bundle.ui-testing";
		};
/* End PBXNativeTarget section */

/* Begin PBXProject section */
		2D451F092870A047007F5153 /* Project object */ = {
			isa = PBXProject;
			attributes = {
				BuildIndependentTargetsInParallel = 1;
				LastSwiftUpdateCheck = 1340;
				LastUpgradeCheck = 1340;
				TargetAttributes = {
					2D451F102870A047007F5153 = {
						CreatedOnToolsVersion = 13.4;
					};
					2D451F262870A04B007F5153 = {
						CreatedOnToolsVersion = 13.4;
						TestTargetID = 2D451F102870A047007F5153;
					};
					2D451F302870A04C007F5153 = {
						CreatedOnToolsVersion = 13.4;
						TestTargetID = 2D451F102870A047007F5153;
					};
				};
			};
			buildConfigurationList = 2D451F0C2870A047007F5153 /* Build configuration list for PBXProject "boardshop" */;
			compatibilityVersion = "Xcode 13.0";
			developmentRegion = en;
			hasScannedForEncodings = 0;
			knownRegions = (
				en,
				Base,
			);
			mainGroup = 2D451F082870A047007F5153;
			productRefGroup = 2D451F122870A047007F5153 /* Products */;
			projectDirPath = "";
			projectRoot = "";
			targets = (
				2D451F102870A047007F5153 /* boardshop */,
				2D451F262870A04B007F5153 /* boardshopTests */,
				2D451F302870A04C007F5153 /* boardshopUITests */,
			);
		};
/* End PBXProject section */

/* Begin PBXResourcesBuildPhase section */
		2D451F0F2870A047007F5153 /* Resources */ = {
			isa = PBXResourcesBuildPhase;
			buildActionMask = 2147483647;
			files = (
				2D451F212870A04B007F5153 /* LaunchScreen.storyboard in Resources */,
				2D451F1E2870A04B007F5153 /* Assets.xcassets in Resources */,
				2D451F1C2870A047007F5153 /* Main.storyboard in Resources */,
			);
			runOnlyForDeploymentPostprocessing = 0;
		};
		2D451F252870A04B007F5153 /* Resources */ = {
			isa = PBXResourcesBuildPhase;
			buildActionMask = 2147483647;
			files = (
			);
			runOnlyForDeploymentPostprocessing = 0;
		};
		2D451F2F2870A04C007F5153 /* Resources */ = {
			isa = PBXResourcesBuildPhase;
			buildActionMask = 2147483647;
			files = (
			);
			runOnlyForDeploymentPostprocessing = 0;
		};
/* End PBXResourcesBuildPhase section */

/* Begin PBXShellScriptBuildPhase section */
		0F59B7D6D5B3E42133A91EEE /* [CP] Check Pods Manifest.lock */ = {
			isa = PBXShellScriptBuildPhase;
			buildActionMask = 2147483647;
			files = (
			);
			inputFileListPaths = (
			);
			inputPaths = (
				"${PODS_PODFILE_DIR_PATH}/Podfile.lock",
				"${PODS_ROOT}/Manifest.lock",
			);
			name = "[CP] Check Pods Manifest.lock";
			outputFileListPaths = (
			);
			outputPaths = (
				"$(DERIVED_FILE_DIR)/Pods-boardshop-boardshopUITests-checkManifestLockResult.txt",
			);
			runOnlyForDeploymentPostprocessing = 0;
			shellPath = /bin/sh;
			shellScript = "diff \"${PODS_PODFILE_DIR_PATH}/Podfile.lock\" \"${PODS_ROOT}/Manifest.lock\" > /dev/null\nif [ $? != 0 ] ; then\n    # print error to STDERR\n    echo \"error: The sandbox is not in sync with the Podfile.lock. Run 'pod install' or update your CocoaPods installation.\" >&2\n    exit 1\nfi\n# This output is used by Xcode 'outputs' to avoid re-running this script phase.\necho \"SUCCESS\" > \"${SCRIPT_OUTPUT_FILE_0}\"\n";
			showEnvVarsInLog = 0;
		};
		215B09D0C6AA791ED6946794 /* [CP] Check Pods Manifest.lock */ = {
			isa = PBXShellScriptBuildPhase;
			buildActionMask = 2147483647;
			files = (
			);
			inputFileListPaths = (
			);
			inputPaths = (
				"${PODS_PODFILE_DIR_PATH}/Podfile.lock",
				"${PODS_ROOT}/Manifest.lock",
			);
			name = "[CP] Check Pods Manifest.lock";
			outputFileListPaths = (
			);
			outputPaths = (
				"$(DERIVED_FILE_DIR)/Pods-boardshopTests-checkManifestLockResult.txt",
			);
			runOnlyForDeploymentPostprocessing = 0;
			shellPath = /bin/sh;
			shellScript = "diff \"${PODS_PODFILE_DIR_PATH}/Podfile.lock\" \"${PODS_ROOT}/Manifest.lock\" > /dev/null\nif [ $? != 0 ] ; then\n    # print error to STDERR\n    echo \"error: The sandbox is not in sync with the Podfile.lock. Run 'pod install' or update your CocoaPods installation.\" >&2\n    exit 1\nfi\n# This output is used by Xcode 'outputs' to avoid re-running this script phase.\necho \"SUCCESS\" > \"${SCRIPT_OUTPUT_FILE_0}\"\n";
			showEnvVarsInLog = 0;
		};
		220615FD4F24F6A129EA2782 /* [CP] Check Pods Manifest.lock */ = {
			isa = PBXShellScriptBuildPhase;
			buildActionMask = 2147483647;
			files = (
			);
			inputFileListPaths = (
			);
			inputPaths = (
				"${PODS_PODFILE_DIR_PATH}/Podfile.lock",
				"${PODS_ROOT}/Manifest.lock",
			);
			name = "[CP] Check Pods Manifest.lock";
			outputFileListPaths = (
			);
			outputPaths = (
				"$(DERIVED_FILE_DIR)/Pods-boardshop-checkManifestLockResult.txt",
			);
			runOnlyForDeploymentPostprocessing = 0;
			shellPath = /bin/sh;
			shellScript = "diff \"${PODS_PODFILE_DIR_PATH}/Podfile.lock\" \"${PODS_ROOT}/Manifest.lock\" > /dev/null\nif [ $? != 0 ] ; then\n    # print error to STDERR\n    echo \"error: The sandbox is not in sync with the Podfile.lock. Run 'pod install' or update your CocoaPods installation.\" >&2\n    exit 1\nfi\n# This output is used by Xcode 'outputs' to avoid re-running this script phase.\necho \"SUCCESS\" > \"${SCRIPT_OUTPUT_FILE_0}\"\n";
			showEnvVarsInLog = 0;
		};
		3F0BE9955E1589D21FBAAC53 /* [CP] Embed Pods Frameworks */ = {
			isa = PBXShellScriptBuildPhase;
			buildActionMask = 2147483647;
			files = (
			);
			inputFileListPaths = (
				"${PODS_ROOT}/Target Support Files/Pods-boardshop/Pods-boardshop-frameworks-${CONFIGURATION}-input-files.xcfilelist",
			);
			name = "[CP] Embed Pods Frameworks";
			outputFileListPaths = (
				"${PODS_ROOT}/Target Support Files/Pods-boardshop/Pods-boardshop-frameworks-${CONFIGURATION}-output-files.xcfilelist",
			);
			runOnlyForDeploymentPostprocessing = 0;
			shellPath = /bin/sh;
			shellScript = "\"${PODS_ROOT}/Target Support Files/Pods-boardshop/Pods-boardshop-frameworks.sh\"\n";
			showEnvVarsInLog = 0;
		};
		B83A7137E256CCD7D1CA5DF6 /* [CP] Embed Pods Frameworks */ = {
			isa = PBXShellScriptBuildPhase;
			buildActionMask = 2147483647;
			files = (
			);
			inputFileListPaths = (
				"${PODS_ROOT}/Target Support Files/Pods-boardshop-boardshopUITests/Pods-boardshop-boardshopUITests-frameworks-${CONFIGURATION}-input-files.xcfilelist",
			);
			name = "[CP] Embed Pods Frameworks";
			outputFileListPaths = (
				"${PODS_ROOT}/Target Support Files/Pods-boardshop-boardshopUITests/Pods-boardshop-boardshopUITests-frameworks-${CONFIGURATION}-output-files.xcfilelist",
			);
			runOnlyForDeploymentPostprocessing = 0;
			shellPath = /bin/sh;
			shellScript = "\"${PODS_ROOT}/Target Support Files/Pods-boardshop-boardshopUITests/Pods-boardshop-boardshopUITests-frameworks.sh\"\n";
			showEnvVarsInLog = 0;
		};
/* End PBXShellScriptBuildPhase section */

/* Begin PBXSourcesBuildPhase section */
		2D451F0D2870A047007F5153 /* Sources */ = {
			isa = PBXSourcesBuildPhase;
			buildActionMask = 2147483647;
			files = (
				2D451F5A2870ACBC007F5153 /* APIManager.swift in Sources */,
				2D451F492870A1DB007F5153 /* UIView+Extensions.swift in Sources */,
				2D451F572870AABB007F5153 /* Product.swift in Sources */,
				2D451F192870A047007F5153 /* HomeViewController.swift in Sources */,
				2D451F152870A047007F5153 /* AppDelegate.swift in Sources */,
				2D451F602870D2B6007F5153 /* CollectionView+Delegate.swift in Sources */,
				2D451F532870A5BC007F5153 /* ProductCell.swift in Sources */,
				2D451F4E2870A34F007F5153 /* HomeViewModel.swift in Sources */,
				2D451F512870A59C007F5153 /* CategoryCell.swift in Sources */,
				2D451F552870AAA9007F5153 /* Category.swift in Sources */,
			);
			runOnlyForDeploymentPostprocessing = 0;
		};
		2D451F232870A04B007F5153 /* Sources */ = {
			isa = PBXSourcesBuildPhase;
			buildActionMask = 2147483647;
			files = (
				2D451F2C2870A04B007F5153 /* boardshopTests.swift in Sources */,
			);
			runOnlyForDeploymentPostprocessing = 0;
		};
		2D451F2D2870A04C007F5153 /* Sources */ = {
			isa = PBXSourcesBuildPhase;
			buildActionMask = 2147483647;
			files = (
				2D451F362870A04C007F5153 /* boardshopUITests.swift in Sources */,
				2D451F382870A04C007F5153 /* boardshopUITestsLaunchTests.swift in Sources */,
			);
			runOnlyForDeploymentPostprocessing = 0;
		};
/* End PBXSourcesBuildPhase section */

/* Begin PBXTargetDependency section */
		2D451F292870A04B007F5153 /* PBXTargetDependency */ = {
			isa = PBXTargetDependency;
			target = 2D451F102870A047007F5153 /* boardshop */;
			targetProxy = 2D451F282870A04B007F5153 /* PBXContainerItemProxy */;
		};
		2D451F332870A04C007F5153 /* PBXTargetDependency */ = {
			isa = PBXTargetDependency;
			target = 2D451F102870A047007F5153 /* boardshop */;
			targetProxy = 2D451F322870A04C007F5153 /* PBXContainerItemProxy */;
		};
/* End PBXTargetDependency section */

/* Begin PBXVariantGroup section */
		2D451F1A2870A047007F5153 /* Main.storyboard */ = {
			isa = PBXVariantGroup;
			children = (
				2D451F1B2870A047007F5153 /* Base */,
			);
			name = Main.storyboard;
			sourceTree = "<group>";
		};
		2D451F1F2870A04B007F5153 /* LaunchScreen.storyboard */ = {
			isa = PBXVariantGroup;
			children = (
				2D451F202870A04B007F5153 /* Base */,
			);
			name = LaunchScreen.storyboard;
			sourceTree = "<group>";
		};
/* End PBXVariantGroup section */

/* Begin XCBuildConfiguration section */
		2D451F392870A04C007F5153 /* Debug */ = {
			isa = XCBuildConfiguration;
			buildSettings = {
				ALWAYS_SEARCH_USER_PATHS = NO;
				CLANG_ANALYZER_NONNULL = YES;
				CLANG_ANALYZER_NUMBER_OBJECT_CONVERSION = YES_AGGRESSIVE;
				CLANG_CXX_LANGUAGE_STANDARD = "gnu++17";
				CLANG_ENABLE_MODULES = YES;
				CLANG_ENABLE_OBJC_ARC = YES;
				CLANG_ENABLE_OBJC_WEAK = YES;
				CLANG_WARN_BLOCK_CAPTURE_AUTORELEASING = YES;
				CLANG_WARN_BOOL_CONVERSION = YES;
				CLANG_WARN_COMMA = YES;
				CLANG_WARN_CONSTANT_CONVERSION = YES;
				CLANG_WARN_DEPRECATED_OBJC_IMPLEMENTATIONS = YES;
				CLANG_WARN_DIRECT_OBJC_ISA_USAGE = YES_ERROR;
				CLANG_WARN_DOCUMENTATION_COMMENTS = YES;
				CLANG_WARN_EMPTY_BODY = YES;
				CLANG_WARN_ENUM_CONVERSION = YES;
				CLANG_WARN_INFINITE_RECURSION = YES;
				CLANG_WARN_INT_CONVERSION = YES;
				CLANG_WARN_NON_LITERAL_NULL_CONVERSION = YES;
				CLANG_WARN_OBJC_IMPLICIT_RETAIN_SELF = YES;
				CLANG_WARN_OBJC_LITERAL_CONVERSION = YES;
				CLANG_WARN_OBJC_ROOT_CLASS = YES_ERROR;
				CLANG_WARN_QUOTED_INCLUDE_IN_FRAMEWORK_HEADER = YES;
				CLANG_WARN_RANGE_LOOP_ANALYSIS = YES;
				CLANG_WARN_STRICT_PROTOTYPES = YES;
				CLANG_WARN_SUSPICIOUS_MOVE = YES;
				CLANG_WARN_UNGUARDED_AVAILABILITY = YES_AGGRESSIVE;
				CLANG_WARN_UNREACHABLE_CODE = YES;
				CLANG_WARN__DUPLICATE_METHOD_MATCH = YES;
				COPY_PHASE_STRIP = NO;
				DEBUG_INFORMATION_FORMAT = dwarf;
				ENABLE_STRICT_OBJC_MSGSEND = YES;
				ENABLE_TESTABILITY = YES;
				GCC_C_LANGUAGE_STANDARD = gnu11;
				GCC_DYNAMIC_NO_PIC = NO;
				GCC_NO_COMMON_BLOCKS = YES;
				GCC_OPTIMIZATION_LEVEL = 0;
				GCC_PREPROCESSOR_DEFINITIONS = (
					"DEBUG=1",
					"$(inherited)",
				);
				GCC_WARN_64_TO_32_BIT_CONVERSION = YES;
				GCC_WARN_ABOUT_RETURN_TYPE = YES_ERROR;
				GCC_WARN_UNDECLARED_SELECTOR = YES;
				GCC_WARN_UNINITIALIZED_AUTOS = YES_AGGRESSIVE;
				GCC_WARN_UNUSED_FUNCTION = YES;
				GCC_WARN_UNUSED_VARIABLE = YES;
				IPHONEOS_DEPLOYMENT_TARGET = 15.5;
				MTL_ENABLE_DEBUG_INFO = INCLUDE_SOURCE;
				MTL_FAST_MATH = YES;
				ONLY_ACTIVE_ARCH = YES;
				SDKROOT = iphoneos;
				SWIFT_ACTIVE_COMPILATION_CONDITIONS = DEBUG;
				SWIFT_OPTIMIZATION_LEVEL = "-Onone";
			};
			name = Debug;
		};
		2D451F3A2870A04C007F5153 /* Release */ = {
			isa = XCBuildConfiguration;
			buildSettings = {
				ALWAYS_SEARCH_USER_PATHS = NO;
				CLANG_ANALYZER_NONNULL = YES;
				CLANG_ANALYZER_NUMBER_OBJECT_CONVERSION = YES_AGGRESSIVE;
				CLANG_CXX_LANGUAGE_STANDARD = "gnu++17";
				CLANG_ENABLE_MODULES = YES;
				CLANG_ENABLE_OBJC_ARC = YES;
				CLANG_ENABLE_OBJC_WEAK = YES;
				CLANG_WARN_BLOCK_CAPTURE_AUTORELEASING = YES;
				CLANG_WARN_BOOL_CONVERSION = YES;
				CLANG_WARN_COMMA = YES;
				CLANG_WARN_CONSTANT_CONVERSION = YES;
				CLANG_WARN_DEPRECATED_OBJC_IMPLEMENTATIONS = YES;
				CLANG_WARN_DIRECT_OBJC_ISA_USAGE = YES_ERROR;
				CLANG_WARN_DOCUMENTATION_COMMENTS = YES;
				CLANG_WARN_EMPTY_BODY = YES;
				CLANG_WARN_ENUM_CONVERSION = YES;
				CLANG_WARN_INFINITE_RECURSION = YES;
				CLANG_WARN_INT_CONVERSION = YES;
				CLANG_WARN_NON_LITERAL_NULL_CONVERSION = YES;
				CLANG_WARN_OBJC_IMPLICIT_RETAIN_SELF = YES;
				CLANG_WARN_OBJC_LITERAL_CONVERSION = YES;
				CLANG_WARN_OBJC_ROOT_CLASS = YES_ERROR;
				CLANG_WARN_QUOTED_INCLUDE_IN_FRAMEWORK_HEADER = YES;
				CLANG_WARN_RANGE_LOOP_ANALYSIS = YES;
				CLANG_WARN_STRICT_PROTOTYPES = YES;
				CLANG_WARN_SUSPICIOUS_MOVE = YES;
				CLANG_WARN_UNGUARDED_AVAILABILITY = YES_AGGRESSIVE;
				CLANG_WARN_UNREACHABLE_CODE = YES;
				CLANG_WARN__DUPLICATE_METHOD_MATCH = YES;
				COPY_PHASE_STRIP = NO;
				DEBUG_INFORMATION_FORMAT = "dwarf-with-dsym";
				ENABLE_NS_ASSERTIONS = NO;
				ENABLE_STRICT_OBJC_MSGSEND = YES;
				GCC_C_LANGUAGE_STANDARD = gnu11;
				GCC_NO_COMMON_BLOCKS = YES;
				GCC_WARN_64_TO_32_BIT_CONVERSION = YES;
				GCC_WARN_ABOUT_RETURN_TYPE = YES_ERROR;
				GCC_WARN_UNDECLARED_SELECTOR = YES;
				GCC_WARN_UNINITIALIZED_AUTOS = YES_AGGRESSIVE;
				GCC_WARN_UNUSED_FUNCTION = YES;
				GCC_WARN_UNUSED_VARIABLE = YES;
				IPHONEOS_DEPLOYMENT_TARGET = 15.5;
				MTL_ENABLE_DEBUG_INFO = NO;
				MTL_FAST_MATH = YES;
				SDKROOT = iphoneos;
				SWIFT_COMPILATION_MODE = wholemodule;
				SWIFT_OPTIMIZATION_LEVEL = "-O";
				VALIDATE_PRODUCT = YES;
			};
			name = Release;
		};
		2D451F3C2870A04C007F5153 /* Debug */ = {
			isa = XCBuildConfiguration;
			baseConfigurationReference = 2B81CC0FD3857D36F2E99E2C /* Pods-boardshop.debug.xcconfig */;
			buildSettings = {
				ASSETCATALOG_COMPILER_APPICON_NAME = AppIcon;
				ASSETCATALOG_COMPILER_GLOBAL_ACCENT_COLOR_NAME = AccentColor;
				CODE_SIGN_STYLE = Automatic;
				CURRENT_PROJECT_VERSION = 1;
				DEVELOPMENT_TEAM = D8W9RJFTST;
				GENERATE_INFOPLIST_FILE = YES;
				INFOPLIST_FILE = boardshop/Info.plist;
				INFOPLIST_KEY_UIApplicationSupportsIndirectInputEvents = YES;
				INFOPLIST_KEY_UILaunchStoryboardName = LaunchScreen;
				INFOPLIST_KEY_UISupportedInterfaceOrientations = UIInterfaceOrientationPortrait;
				INFOPLIST_KEY_UISupportedInterfaceOrientations_iPad = "UIInterfaceOrientationPortrait UIInterfaceOrientationPortraitUpsideDown UIInterfaceOrientationLandscapeLeft UIInterfaceOrientationLandscapeRight";
				INFOPLIST_KEY_UISupportedInterfaceOrientations_iPhone = "UIInterfaceOrientationPortrait UIInterfaceOrientationLandscapeLeft UIInterfaceOrientationLandscapeRight";
				LD_RUNPATH_SEARCH_PATHS = (
					"$(inherited)",
					"@executable_path/Frameworks",
				);
				MARKETING_VERSION = 1.0;
				PRODUCT_BUNDLE_IDENTIFIER = grunenkov.boardshop;
				PRODUCT_NAME = "$(TARGET_NAME)";
				SWIFT_EMIT_LOC_STRINGS = YES;
				SWIFT_VERSION = 5.0;
				TARGETED_DEVICE_FAMILY = "1,2";
			};
			name = Debug;
		};
		2D451F3D2870A04C007F5153 /* Release */ = {
			isa = XCBuildConfiguration;
			baseConfigurationReference = EE9C3DA03BB75A1991FA126A /* Pods-boardshop.release.xcconfig */;
			buildSettings = {
				ASSETCATALOG_COMPILER_APPICON_NAME = AppIcon;
				ASSETCATALOG_COMPILER_GLOBAL_ACCENT_COLOR_NAME = AccentColor;
				CODE_SIGN_STYLE = Automatic;
				CURRENT_PROJECT_VERSION = 1;
				DEVELOPMENT_TEAM = D8W9RJFTST;
				GENERATE_INFOPLIST_FILE = YES;
				INFOPLIST_FILE = boardshop/Info.plist;
				INFOPLIST_KEY_UIApplicationSupportsIndirectInputEvents = YES;
				INFOPLIST_KEY_UILaunchStoryboardName = LaunchScreen;
				INFOPLIST_KEY_UISupportedInterfaceOrientations = UIInterfaceOrientationPortrait;
				INFOPLIST_KEY_UISupportedInterfaceOrientations_iPad = "UIInterfaceOrientationPortrait UIInterfaceOrientationPortraitUpsideDown UIInterfaceOrientationLandscapeLeft UIInterfaceOrientationLandscapeRight";
				INFOPLIST_KEY_UISupportedInterfaceOrientations_iPhone = "UIInterfaceOrientationPortrait UIInterfaceOrientationLandscapeLeft UIInterfaceOrientationLandscapeRight";
				LD_RUNPATH_SEARCH_PATHS = (
					"$(inherited)",
					"@executable_path/Frameworks",
				);
				MARKETING_VERSION = 1.0;
				PRODUCT_BUNDLE_IDENTIFIER = grunenkov.boardshop;
				PRODUCT_NAME = "$(TARGET_NAME)";
				SWIFT_EMIT_LOC_STRINGS = YES;
				SWIFT_VERSION = 5.0;
				TARGETED_DEVICE_FAMILY = "1,2";
			};
			name = Release;
		};
		2D451F3F2870A04C007F5153 /* Debug */ = {
			isa = XCBuildConfiguration;
			baseConfigurationReference = 6CE753524736565C275473F7 /* Pods-boardshopTests.debug.xcconfig */;
			buildSettings = {
				ALWAYS_EMBED_SWIFT_STANDARD_LIBRARIES = YES;
				BUNDLE_LOADER = "$(TEST_HOST)";
				CODE_SIGN_STYLE = Automatic;
				CURRENT_PROJECT_VERSION = 1;
				DEVELOPMENT_TEAM = D8W9RJFTST;
				GENERATE_INFOPLIST_FILE = YES;
				IPHONEOS_DEPLOYMENT_TARGET = 15.5;
				MARKETING_VERSION = 1.0;
				PRODUCT_BUNDLE_IDENTIFIER = grunenkov.boardshopTests;
				PRODUCT_NAME = "$(TARGET_NAME)";
				SWIFT_EMIT_LOC_STRINGS = NO;
				SWIFT_VERSION = 5.0;
				TARGETED_DEVICE_FAMILY = "1,2";
				TEST_HOST = "$(BUILT_PRODUCTS_DIR)/boardshop.app/boardshop";
			};
			name = Debug;
		};
		2D451F402870A04C007F5153 /* Release */ = {
			isa = XCBuildConfiguration;
			baseConfigurationReference = D7ABA3634B192D0435B9051D /* Pods-boardshopTests.release.xcconfig */;
			buildSettings = {
				ALWAYS_EMBED_SWIFT_STANDARD_LIBRARIES = YES;
				BUNDLE_LOADER = "$(TEST_HOST)";
				CODE_SIGN_STYLE = Automatic;
				CURRENT_PROJECT_VERSION = 1;
				DEVELOPMENT_TEAM = D8W9RJFTST;
				GENERATE_INFOPLIST_FILE = YES;
				IPHONEOS_DEPLOYMENT_TARGET = 15.5;
				MARKETING_VERSION = 1.0;
				PRODUCT_BUNDLE_IDENTIFIER = grunenkov.boardshopTests;
				PRODUCT_NAME = "$(TARGET_NAME)";
				SWIFT_EMIT_LOC_STRINGS = NO;
				SWIFT_VERSION = 5.0;
				TARGETED_DEVICE_FAMILY = "1,2";
				TEST_HOST = "$(BUILT_PRODUCTS_DIR)/boardshop.app/boardshop";
			};
			name = Release;
		};
		2D451F422870A04C007F5153 /* Debug */ = {
			isa = XCBuildConfiguration;
			baseConfigurationReference = 19409A4B46E54567C98AFF70 /* Pods-boardshop-boardshopUITests.debug.xcconfig */;
			buildSettings = {
				ALWAYS_EMBED_SWIFT_STANDARD_LIBRARIES = YES;
				CODE_SIGN_STYLE = Automatic;
				CURRENT_PROJECT_VERSION = 1;
				DEVELOPMENT_TEAM = D8W9RJFTST;
				GENERATE_INFOPLIST_FILE = YES;
				MARKETING_VERSION = 1.0;
				PRODUCT_BUNDLE_IDENTIFIER = grunenkov.boardshopUITests;
				PRODUCT_NAME = "$(TARGET_NAME)";
				SWIFT_EMIT_LOC_STRINGS = NO;
				SWIFT_VERSION = 5.0;
				TARGETED_DEVICE_FAMILY = "1,2";
				TEST_TARGET_NAME = boardshop;
			};
			name = Debug;
		};
		2D451F432870A04C007F5153 /* Release */ = {
			isa = XCBuildConfiguration;
			baseConfigurationReference = 73DEFA69F4253113DB601D38 /* Pods-boardshop-boardshopUITests.release.xcconfig */;
			buildSettings = {
				ALWAYS_EMBED_SWIFT_STANDARD_LIBRARIES = YES;
				CODE_SIGN_STYLE = Automatic;
				CURRENT_PROJECT_VERSION = 1;
				DEVELOPMENT_TEAM = D8W9RJFTST;
				GENERATE_INFOPLIST_FILE = YES;
				MARKETING_VERSION = 1.0;
				PRODUCT_BUNDLE_IDENTIFIER = grunenkov.boardshopUITests;
				PRODUCT_NAME = "$(TARGET_NAME)";
				SWIFT_EMIT_LOC_STRINGS = NO;
				SWIFT_VERSION = 5.0;
				TARGETED_DEVICE_FAMILY = "1,2";
				TEST_TARGET_NAME = boardshop;
			};
			name = Release;
		};
/* End XCBuildConfiguration section */

/* Begin XCConfigurationList section */
		2D451F0C2870A047007F5153 /* Build configuration list for PBXProject "boardshop" */ = {
			isa = XCConfigurationList;
			buildConfigurations = (
				2D451F392870A04C007F5153 /* Debug */,
				2D451F3A2870A04C007F5153 /* Release */,
			);
			defaultConfigurationIsVisible = 0;
			defaultConfigurationName = Release;
		};
		2D451F3B2870A04C007F5153 /* Build configuration list for PBXNativeTarget "boardshop" */ = {
			isa = XCConfigurationList;
			buildConfigurations = (
				2D451F3C2870A04C007F5153 /* Debug */,
				2D451F3D2870A04C007F5153 /* Release */,
			);
			defaultConfigurationIsVisible = 0;
			defaultConfigurationName = Release;
		};
		2D451F3E2870A04C007F5153 /* Build configuration list for PBXNativeTarget "boardshopTests" */ = {
			isa = XCConfigurationList;
			buildConfigurations = (
				2D451F3F2870A04C007F5153 /* Debug */,
				2D451F402870A04C007F5153 /* Release */,
			);
			defaultConfigurationIsVisible = 0;
			defaultConfigurationName = Release;
		};
		2D451F412870A04C007F5153 /* Build configuration list for PBXNativeTarget "boardshopUITests" */ = {
			isa = XCConfigurationList;
			buildConfigurations = (
				2D451F422870A04C007F5153 /* Debug */,
				2D451F432870A04C007F5153 /* Release */,
			);
			defaultConfigurationIsVisible = 0;
			defaultConfigurationName = Release;
		};
/* End XCConfigurationList section */
	};
	rootObject = 2D451F092870A047007F5153 /* Project object */;
}
